
Microsoft Visual Studio Solution File, Format Version 12.00
# Visual Studio Version 16
VisualStudioVersion = 16.0.29926.136
MinimumVisualStudioVersion = 10.0.40219.1
Project("{FAE04EC0-301F-11D3-BF4B-00C04F79EFBC}") = "EvolutionAlg", "EvolutionAlg.csproj", "{87F6EE72-8E70-4293-BD89-6ED08762D594}"
EndProject
Global
	GlobalSection(SolutionConfigurationPlatforms) = preSolution
		Debug|Any CPU = Debug|Any CPU
		Release|Any CPU = Release|Any CPU
	EndGlobalSection
	GlobalSection(ProjectConfigurationPlatforms) = postSolution
		{87F6EE72-8E70-4293-BD89-6ED08762D594}.Debug|Any CPU.ActiveCfg = Debug|Any CPU
		{87F6EE72-8E70-4293-BD89-6ED08762D594}.Debug|Any CPU.Build.0 = Debug|Any CPU
		{87F6EE72-8E70-4293-BD89-6ED08762D594}.Release|Any CPU.ActiveCfg = Release|Any CPU
		{87F6EE72-8E70-4293-BD89-6ED08762D594}.Release|Any CPU.Build.0 = Release|Any CPU
	EndGlobalSection
	GlobalSection(SolutionProperties) = preSolution
		HideSolutionNode = FALSE
	EndGlobalSection
	GlobalSection(ExtensibilityGlobals) = postSolution
		SolutionGuid = {CD5A4B1A-CA13-47BB-9D75-CC5980C378BA}
	EndGlobalSection
EndGlobal
